// !$*UTF8*$!
{
	archiveVersion = 1;
	classes = {
	};
	objectVersion = 48;
	objects = {

/* Begin PBXBuildFile section */
		07637C4820AB442000B9E2AD /* AppDelegate.swift in Sources */ = {isa = PBXBuildFile; fileRef = 07637C4720AB442000B9E2AD /* AppDelegate.swift */; };
		07637C4A20AB442000B9E2AD /* ViewController.swift in Sources */ = {isa = PBXBuildFile; fileRef = 07637C4920AB442000B9E2AD /* ViewController.swift */; };
		07637C4D20AB442000B9E2AD /* Main.storyboard in Resources */ = {isa = PBXBuildFile; fileRef = 07637C4B20AB442000B9E2AD /* Main.storyboard */; };
		07637C4F20AB442000B9E2AD /* Assets.xcassets in Resources */ = {isa = PBXBuildFile; fileRef = 07637C4E20AB442000B9E2AD /* Assets.xcassets */; };
		07637C5220AB442000B9E2AD /* LaunchScreen.storyboard in Resources */ = {isa = PBXBuildFile; fileRef = 07637C5020AB442000B9E2AD /* LaunchScreen.storyboard */; };
		07637C5D20AB442000B9E2AD /* Marvel_UniverseTests.swift in Sources */ = {isa = PBXBuildFile; fileRef = 07637C5C20AB442000B9E2AD /* Marvel_UniverseTests.swift */; };
		07637C6820AB442000B9E2AD /* Marvel_UniverseUITests.swift in Sources */ = {isa = PBXBuildFile; fileRef = 07637C6720AB442000B9E2AD /* Marvel_UniverseUITests.swift */; };
/* End PBXBuildFile section */

/* Begin PBXContainerItemProxy section */
		07637C5920AB442000B9E2AD /* PBXContainerItemProxy */ = {
			isa = PBXContainerItemProxy;
			containerPortal = 07637C3C20AB442000B9E2AD /* Project object */;
			proxyType = 1;
			remoteGlobalIDString = 07637C4320AB442000B9E2AD;
			remoteInfo = "Marvel Universe";
		};
		07637C6420AB442000B9E2AD /* PBXContainerItemProxy */ = {
			isa = PBXContainerItemProxy;
			containerPortal = 07637C3C20AB442000B9E2AD /* Project object */;
			proxyType = 1;
			remoteGlobalIDString = 07637C4320AB442000B9E2AD;
			remoteInfo = "Marvel Universe";
		};
/* End PBXContainerItemProxy section */

/* Begin PBXFileReference section */
		07637C4420AB442000B9E2AD /* Marvel Universe.app */ = {isa = PBXFileReference; explicitFileType = wrapper.application; includeInIndex = 0; path = "Marvel Universe.app"; sourceTree = BUILT_PRODUCTS_DIR; };
		07637C4720AB442000B9E2AD /* AppDelegate.swift */ = {isa = PBXFileReference; lastKnownFileType = sourcecode.swift; path = AppDelegate.swift; sourceTree = "<group>"; };
		07637C4920AB442000B9E2AD /* ViewController.swift */ = {isa = PBXFileReference; lastKnownFileType = sourcecode.swift; path = ViewController.swift; sourceTree = "<group>"; };
		07637C4C20AB442000B9E2AD /* Base */ = {isa = PBXFileReference; lastKnownFileType = file.storyboard; name = Base; path = Base.lproj/Main.storyboard; sourceTree = "<group>"; };
		07637C4E20AB442000B9E2AD /* Assets.xcassets */ = {isa = PBXFileReference; lastKnownFileType = folder.assetcatalog; path = Assets.xcassets; sourceTree = "<group>"; };
		07637C5120AB442000B9E2AD /* Base */ = {isa = PBXFileReference; lastKnownFileType = file.storyboard; name = Base; path = Base.lproj/LaunchScreen.storyboard; sourceTree = "<group>"; };
		07637C5320AB442000B9E2AD /* Info.plist */ = {isa = PBXFileReference; lastKnownFileType = text.plist.xml; path = Info.plist; sourceTree = "<group>"; };
		07637C5820AB442000B9E2AD /* Marvel UniverseTests.xctest */ = {isa = PBXFileReference; explicitFileType = wrapper.cfbundle; includeInIndex = 0; path = "Marvel UniverseTests.xctest"; sourceTree = BUILT_PRODUCTS_DIR; };
		07637C5C20AB442000B9E2AD /* Marvel_UniverseTests.swift */ = {isa = PBXFileReference; lastKnownFileType = sourcecode.swift; path = Marvel_UniverseTests.swift; sourceTree = "<group>"; };
		07637C5E20AB442000B9E2AD /* Info.plist */ = {isa = PBXFileReference; lastKnownFileType = text.plist.xml; path = Info.plist; sourceTree = "<group>"; };
		07637C6320AB442000B9E2AD /* Marvel UniverseUITests.xctest */ = {isa = PBXFileReference; explicitFileType = wrapper.cfbundle; includeInIndex = 0; path = "Marvel UniverseUITests.xctest"; sourceTree = BUILT_PRODUCTS_DIR; };
		07637C6720AB442000B9E2AD /* Marvel_UniverseUITests.swift */ = {isa = PBXFileReference; lastKnownFileType = sourcecode.swift; path = Marvel_UniverseUITests.swift; sourceTree = "<group>"; };
		07637C6920AB442000B9E2AD /* Info.plist */ = {isa = PBXFileReference; lastKnownFileType = text.plist.xml; path = Info.plist; sourceTree = "<group>"; };
/* End PBXFileReference section */

/* Begin PBXFrameworksBuildPhase section */
		07637C4120AB442000B9E2AD /* Frameworks */ = {
			isa = PBXFrameworksBuildPhase;
			buildActionMask = 2147483647;
			files = (
			);
			runOnlyForDeploymentPostprocessing = 0;
		};
		07637C5520AB442000B9E2AD /* Frameworks */ = {
			isa = PBXFrameworksBuildPhase;
			buildActionMask = 2147483647;
			files = (
			);
			runOnlyForDeploymentPostprocessing = 0;
		};
		07637C6020AB442000B9E2AD /* Frameworks */ = {
			isa = PBXFrameworksBuildPhase;
			buildActionMask = 2147483647;
			files = (
			);
			runOnlyForDeploymentPostprocessing = 0;
		};
/* End PBXFrameworksBuildPhase section */

/* Begin PBXGroup section */
		07637C3B20AB442000B9E2AD = {
			isa = PBXGroup;
			children = (
				07637C4620AB442000B9E2AD /* Marvel Universe */,
				07637C5B20AB442000B9E2AD /* Marvel UniverseTests */,
				07637C6620AB442000B9E2AD /* Marvel UniverseUITests */,
				07637C4520AB442000B9E2AD /* Products */,
			);
			sourceTree = "<group>";
		};
		07637C4520AB442000B9E2AD /* Products */ = {
			isa = PBXGroup;
			children = (
				07637C4420AB442000B9E2AD /* Marvel Universe.app */,
				07637C5820AB442000B9E2AD /* Marvel UniverseTests.xctest */,
				07637C6320AB442000B9E2AD /* Marvel UniverseUITests.xctest */,
			);
			name = Products;
			sourceTree = "<group>";
		};
		07637C4620AB442000B9E2AD /* Marvel Universe */ = {
			isa = PBXGroup;
			children = (
				07637C4720AB442000B9E2AD /* AppDelegate.swift */,
				07637C4920AB442000B9E2AD /* ViewController.swift */,
				07637C4B20AB442000B9E2AD /* Main.storyboard */,
				07637C4E20AB442000B9E2AD /* Assets.xcassets */,
				07637C5020AB442000B9E2AD /* LaunchScreen.storyboard */,
				07637C5320AB442000B9E2AD /* Info.plist */,
			);
			path = "Marvel Universe";
			sourceTree = "<group>";
		};
		07637C5B20AB442000B9E2AD /* Marvel UniverseTests */ = {
			isa = PBXGroup;
			children = (
				07637C5C20AB442000B9E2AD /* Marvel_UniverseTests.swift */,
				07637C5E20AB442000B9E2AD /* Info.plist */,
			);
			path = "Marvel UniverseTests";
			sourceTree = "<group>";
		};
		07637C6620AB442000B9E2AD /* Marvel UniverseUITests */ = {
			isa = PBXGroup;
			children = (
				07637C6720AB442000B9E2AD /* Marvel_UniverseUITests.swift */,
				07637C6920AB442000B9E2AD /* Info.plist */,
			);
			path = "Marvel UniverseUITests";
			sourceTree = "<group>";
		};
/* End PBXGroup section */

/* Begin PBXNativeTarget section */
		07637C4320AB442000B9E2AD /* Marvel Universe */ = {
			isa = PBXNativeTarget;
			buildConfigurationList = 07637C6C20AB442000B9E2AD /* Build configuration list for PBXNativeTarget "Marvel Universe" */;
			buildPhases = (
				07637C4020AB442000B9E2AD /* Sources */,
				07637C4120AB442000B9E2AD /* Frameworks */,
				07637C4220AB442000B9E2AD /* Resources */,
			);
			buildRules = (
			);
			dependencies = (
			);
			name = "Marvel Universe";
			productName = "Marvel Universe";
			productReference = 07637C4420AB442000B9E2AD /* Marvel Universe.app */;
			productType = "com.apple.product-type.application";
		};
		07637C5720AB442000B9E2AD /* Marvel UniverseTests */ = {
			isa = PBXNativeTarget;
			buildConfigurationList = 07637C6F20AB442000B9E2AD /* Build configuration list for PBXNativeTarget "Marvel UniverseTests" */;
			buildPhases = (
				07637C5420AB442000B9E2AD /* Sources */,
				07637C5520AB442000B9E2AD /* Frameworks */,
				07637C5620AB442000B9E2AD /* Resources */,
			);
			buildRules = (
			);
			dependencies = (
				07637C5A20AB442000B9E2AD /* PBXTargetDependency */,
			);
			name = "Marvel UniverseTests";
			productName = "Marvel UniverseTests";
			productReference = 07637C5820AB442000B9E2AD /* Marvel UniverseTests.xctest */;
			productType = "com.apple.product-type.bundle.unit-test";
		};
		07637C6220AB442000B9E2AD /* Marvel UniverseUITests */ = {
			isa = PBXNativeTarget;
			buildConfigurationList = 07637C7220AB442000B9E2AD /* Build configuration list for PBXNativeTarget "Marvel UniverseUITests" */;
			buildPhases = (
				07637C5F20AB442000B9E2AD /* Sources */,
				07637C6020AB442000B9E2AD /* Frameworks */,
				07637C6120AB442000B9E2AD /* Resources */,
			);
			buildRules = (
			);
			dependencies = (
				07637C6520AB442000B9E2AD /* PBXTargetDependency */,
			);
			name = "Marvel UniverseUITests";
			productName = "Marvel UniverseUITests";
			productReference = 07637C6320AB442000B9E2AD /* Marvel UniverseUITests.xctest */;
			productType = "com.apple.product-type.bundle.ui-testing";
		};
/* End PBXNativeTarget section */

/* Begin PBXProject section */
		07637C3C20AB442000B9E2AD /* Project object */ = {
			isa = PBXProject;
			attributes = {
				LastSwiftUpdateCheck = 0900;
				LastUpgradeCheck = 0900;
				ORGANIZATIONNAME = Omar;
				TargetAttributes = {
					07637C4320AB442000B9E2AD = {
						CreatedOnToolsVersion = 9.0;
						ProvisioningStyle = Automatic;
					};
					07637C5720AB442000B9E2AD = {
						CreatedOnToolsVersion = 9.0;
						ProvisioningStyle = Automatic;
						TestTargetID = 07637C4320AB442000B9E2AD;
					};
					07637C6220AB442000B9E2AD = {
						CreatedOnToolsVersion = 9.0;
						ProvisioningStyle = Automatic;
						TestTargetID = 07637C4320AB442000B9E2AD;
					};
				};
			};
			buildConfigurationList = 07637C3F20AB442000B9E2AD /* Build configuration list for PBXProject "Marvel Universe" */;
			compatibilityVersion = "Xcode 8.0";
			developmentRegion = en;
			hasScannedForEncodings = 0;
			knownRegions = (
				en,
				Base,
			);
			mainGroup = 07637C3B20AB442000B9E2AD;
			productRefGroup = 07637C4520AB442000B9E2AD /* Products */;
			projectDirPath = "";
			projectRoot = "";
			targets = (
				07637C4320AB442000B9E2AD /* Marvel Universe */,
				07637C5720AB442000B9E2AD /* Marvel UniverseTests */,
				07637C6220AB442000B9E2AD /* Marvel UniverseUITests */,
			);
		};
/* End PBXProject section */

/* Begin PBXResourcesBuildPhase section */
		07637C4220AB442000B9E2AD /* Resources */ = {
			isa = PBXResourcesBuildPhase;
			buildActionMask = 2147483647;
			files = (
				07637C5220AB442000B9E2AD /* LaunchScreen.storyboard in Resources */,
				07637C4F20AB442000B9E2AD /* Assets.xcassets in Resources */,
				07637C4D20AB442000B9E2AD /* Main.storyboard in Resources */,
			);
			runOnlyForDeploymentPostprocessing = 0;
		};
		07637C5620AB442000B9E2AD /* Resources */ = {
			isa = PBXResourcesBuildPhase;
			buildActionMask = 2147483647;
			files = (
			);
			runOnlyForDeploymentPostprocessing = 0;
		};
		07637C6120AB442000B9E2AD /* Resources */ = {
			isa = PBXResourcesBuildPhase;
			buildActionMask = 2147483647;
			files = (
			);
			runOnlyForDeploymentPostprocessing = 0;
		};
/* End PBXResourcesBuildPhase section */

/* Begin PBXSourcesBuildPhase section */
		07637C4020AB442000B9E2AD /* Sources */ = {
			isa = PBXSourcesBuildPhase;
			buildActionMask = 2147483647;
			files = (
				07637C4A20AB442000B9E2AD /* ViewController.swift in Sources */,
				07637C4820AB442000B9E2AD /* AppDelegate.swift in Sources */,
			);
			runOnlyForDeploymentPostprocessing = 0;
		};
		07637C5420AB442000B9E2AD /* Sources */ = {
			isa = PBXSourcesBuildPhase;
			buildActionMask = 2147483647;
			files = (
				07637C5D20AB442000B9E2AD /* Marvel_UniverseTests.swift in Sources */,
			);
			runOnlyForDeploymentPostprocessing = 0;
		};
		07637C5F20AB442000B9E2AD /* Sources */ = {
			isa = PBXSourcesBuildPhase;
			buildActionMask = 2147483647;
			files = (
				07637C6820AB442000B9E2AD /* Marvel_UniverseUITests.swift in Sources */,
			);
			runOnlyForDeploymentPostprocessing = 0;
		};
/* End PBXSourcesBuildPhase section */

/* Begin PBXTargetDependency section */
		07637C5A20AB442000B9E2AD /* PBXTargetDependency */ = {
			isa = PBXTargetDependency;
			target = 07637C4320AB442000B9E2AD /* Marvel Universe */;
			targetProxy = 07637C5920AB442000B9E2AD /* PBXContainerItemProxy */;
		};
		07637C6520AB442000B9E2AD /* PBXTargetDependency */ = {
			isa = PBXTargetDependency;
			target = 07637C4320AB442000B9E2AD /* Marvel Universe */;
			targetProxy = 07637C6420AB442000B9E2AD /* PBXContainerItemProxy */;
		};
/* End PBXTargetDependency section */

/* Begin PBXVariantGroup section */
		07637C4B20AB442000B9E2AD /* Main.storyboard */ = {
			isa = PBXVariantGroup;
			children = (
				07637C4C20AB442000B9E2AD /* Base */,
			);
			name = Main.storyboard;
			sourceTree = "<group>";
		};
		07637C5020AB442000B9E2AD /* LaunchScreen.storyboard */ = {
			isa = PBXVariantGroup;
			children = (
				07637C5120AB442000B9E2AD /* Base */,
			);
			name = LaunchScreen.storyboard;
			sourceTree = "<group>";
		};
/* End PBXVariantGroup section */

/* Begin XCBuildConfiguration section */
		07637C6A20AB442000B9E2AD /* Debug */ = {
			isa = XCBuildConfiguration;
			buildSettings = {
				ALWAYS_SEARCH_USER_PATHS = NO;
				CLANG_ANALYZER_NONNULL = YES;
				CLANG_ANALYZER_NUMBER_OBJECT_CONVERSION = YES_AGGRESSIVE;
				CLANG_CXX_LANGUAGE_STANDARD = "gnu++14";
				CLANG_CXX_LIBRARY = "libc++";
				CLANG_ENABLE_MODULES = YES;
				CLANG_ENABLE_OBJC_ARC = YES;
				CLANG_WARN_BLOCK_CAPTURE_AUTORELEASING = YES;
				CLANG_WARN_BOOL_CONVERSION = YES;
				CLANG_WARN_COMMA = YES;
				CLANG_WARN_CONSTANT_CONVERSION = YES;
				CLANG_WARN_DIRECT_OBJC_ISA_USAGE = YES_ERROR;
				CLANG_WARN_DOCUMENTATION_COMMENTS = YES;
				CLANG_WARN_EMPTY_BODY = YES;
				CLANG_WARN_ENUM_CONVERSION = YES;
				CLANG_WARN_INFINITE_RECURSION = YES;
				CLANG_WARN_INT_CONVERSION = YES;
				CLANG_WARN_NON_LITERAL_NULL_CONVERSION = YES;
				CLANG_WARN_OBJC_LITERAL_CONVERSION = YES;
				CLANG_WARN_OBJC_ROOT_CLASS = YES_ERROR;
				CLANG_WARN_RANGE_LOOP_ANALYSIS = YES;
				CLANG_WARN_STRICT_PROTOTYPES = YES;
				CLANG_WARN_SUSPICIOUS_MOVE = YES;
				CLANG_WARN_UNGUARDED_AVAILABILITY = YES_AGGRESSIVE;
				CLANG_WARN_UNREACHABLE_CODE = YES;
				CLANG_WARN__DUPLICATE_METHOD_MATCH = YES;
				CODE_SIGN_IDENTITY = "iPhone Developer";
				COPY_PHASE_STRIP = NO;
				DEBUG_INFORMATION_FORMAT = dwarf;
				ENABLE_STRICT_OBJC_MSGSEND = YES;
				ENABLE_TESTABILITY = YES;
				GCC_C_LANGUAGE_STANDARD = gnu11;
				GCC_DYNAMIC_NO_PIC = NO;
				GCC_NO_COMMON_BLOCKS = YES;
				GCC_OPTIMIZATION_LEVEL = 0;
				GCC_PREPROCESSOR_DEFINITIONS = (
					"DEBUG=1",
					"$(inherited)",
				);
				GCC_WARN_64_TO_32_BIT_CONVERSION = YES;
				GCC_WARN_ABOUT_RETURN_TYPE = YES_ERROR;
				GCC_WARN_UNDECLARED_SELECTOR = YES;
				GCC_WARN_UNINITIALIZED_AUTOS = YES_AGGRESSIVE;
				GCC_WARN_UNUSED_FUNCTION = YES;
				GCC_WARN_UNUSED_VARIABLE = YES;
				IPHONEOS_DEPLOYMENT_TARGET = 11.0;
				MTL_ENABLE_DEBUG_INFO = YES;
				ONLY_ACTIVE_ARCH = YES;
				SDKROOT = iphoneos;
				SWIFT_ACTIVE_COMPILATION_CONDITIONS = DEBUG;
				SWIFT_OPTIMIZATION_LEVEL = "-Onone";
			};
			name = Debug;
		};
		07637C6B20AB442000B9E2AD /* Release */ = {
			isa = XCBuildConfiguration;
			buildSettings = {
				ALWAYS_SEARCH_USER_PATHS = NO;
				CLANG_ANALYZER_NONNULL = YES;
				CLANG_ANALYZER_NUMBER_OBJECT_CONVERSION = YES_AGGRESSIVE;
				CLANG_CXX_LANGUAGE_STANDARD = "gnu++14";
				CLANG_CXX_LIBRARY = "libc++";
				CLANG_ENABLE_MODULES = YES;
				CLANG_ENABLE_OBJC_ARC = YES;
				CLANG_WARN_BLOCK_CAPTURE_AUTORELEASING = YES;
				CLANG_WARN_BOOL_CONVERSION = YES;
				CLANG_WARN_COMMA = YES;
				CLANG_WARN_CONSTANT_CONVERSION = YES;
				CLANG_WARN_DIRECT_OBJC_ISA_USAGE = YES_ERROR;
				CLANG_WARN_DOCUMENTATION_COMMENTS = YES;
				CLANG_WARN_EMPTY_BODY = YES;
				CLANG_WARN_ENUM_CONVERSION = YES;
				CLANG_WARN_INFINITE_RECURSION = YES;
				CLANG_WARN_INT_CONVERSION = YES;
				CLANG_WARN_NON_LITERAL_NULL_CONVERSION = YES;
				CLANG_WARN_OBJC_LITERAL_CONVERSION = YES;
				CLANG_WARN_OBJC_ROOT_CLASS = YES_ERROR;
				CLANG_WARN_RANGE_LOOP_ANALYSIS = YES;
				CLANG_WARN_STRICT_PROTOTYPES = YES;
				CLANG_WARN_SUSPICIOUS_MOVE = YES;
				CLANG_WARN_UNGUARDED_AVAILABILITY = YES_AGGRESSIVE;
				CLANG_WARN_UNREACHABLE_CODE = YES;
				CLANG_WARN__DUPLICATE_METHOD_MATCH = YES;
				CODE_SIGN_IDENTITY = "iPhone Developer";
				COPY_PHASE_STRIP = NO;
				DEBUG_INFORMATION_FORMAT = "dwarf-with-dsym";
				ENABLE_NS_ASSERTIONS = NO;
				ENABLE_STRICT_OBJC_MSGSEND = YES;
				GCC_C_LANGUAGE_STANDARD = gnu11;
				GCC_NO_COMMON_BLOCKS = YES;
				GCC_WARN_64_TO_32_BIT_CONVERSION = YES;
				GCC_WARN_ABOUT_RETURN_TYPE = YES_ERROR;
				GCC_WARN_UNDECLARED_SELECTOR = YES;
				GCC_WARN_UNINITIALIZED_AUTOS = YES_AGGRESSIVE;
				GCC_WARN_UNUSED_FUNCTION = YES;
				GCC_WARN_UNUSED_VARIABLE = YES;
				IPHONEOS_DEPLOYMENT_TARGET = 11.0;
				MTL_ENABLE_DEBUG_INFO = NO;
				SDKROOT = iphoneos;
				SWIFT_OPTIMIZATION_LEVEL = "-Owholemodule";
				VALIDATE_PRODUCT = YES;
			};
			name = Release;
		};
		07637C6D20AB442000B9E2AD /* Debug */ = {
			isa = XCBuildConfiguration;
			buildSettings = {
				ASSETCATALOG_COMPILER_APPICON_NAME = AppIcon;
				CODE_SIGN_STYLE = Automatic;
				INFOPLIST_FILE = "Marvel Universe/Info.plist";
				LD_RUNPATH_SEARCH_PATHS = "$(inherited) @executable_path/Frameworks";
				PRODUCT_BUNDLE_IDENTIFIER = "com.TAE.Marvel-Universe";
				PRODUCT_NAME = "$(TARGET_NAME)";
				SWIFT_VERSION = 4.0;
				TARGETED_DEVICE_FAMILY = "1,2";
			};
			name = Debug;
		};
		07637C6E20AB442000B9E2AD /* Release */ = {
			isa = XCBuildConfiguration;
			buildSettings = {
				ASSETCATALOG_COMPILER_APPICON_NAME = AppIcon;
				CODE_SIGN_STYLE = Automatic;
				INFOPLIST_FILE = "Marvel Universe/Info.plist";
				LD_RUNPATH_SEARCH_PATHS = "$(inherited) @executable_path/Frameworks";
				PRODUCT_BUNDLE_IDENTIFIER = "com.TAE.Marvel-Universe";
				PRODUCT_NAME = "$(TARGET_NAME)";
				SWIFT_VERSION = 4.0;
				TARGETED_DEVICE_FAMILY = "1,2";
			};
			name = Release;
		};
		07637C7020AB442000B9E2AD /* Debug */ = {
			isa = XCBuildConfiguration;
			buildSettings = {
				ALWAYS_EMBED_SWIFT_STANDARD_LIBRARIES = YES;
				BUNDLE_LOADER = "$(TEST_HOST)";
				CODE_SIGN_STYLE = Automatic;
				INFOPLIST_FILE = "Marvel UniverseTests/Info.plist";
				LD_RUNPATH_SEARCH_PATHS = "$(inherited) @executable_path/Frameworks @loader_path/Frameworks";
				PRODUCT_BUNDLE_IDENTIFIER = "com.TAE.Marvel-UniverseTests";
				PRODUCT_NAME = "$(TARGET_NAME)";
				SWIFT_VERSION = 4.0;
				TARGETED_DEVICE_FAMILY = "1,2";
				TEST_HOST = "$(BUILT_PRODUCTS_DIR)/Marvel Universe.app/Marvel Universe";
			};
			name = Debug;
		};
		07637C7120AB442000B9E2AD /* Release */ = {
			isa = XCBuildConfiguration;
			buildSettings = {
				ALWAYS_EMBED_SWIFT_STANDARD_LIBRARIES = YES;
				BUNDLE_LOADER = "$(TEST_HOST)";
				CODE_SIGN_STYLE = Automatic;
				INFOPLIST_FILE = "Marvel UniverseTests/Info.plist";
				LD_RUNPATH_SEARCH_PATHS = "$(inherited) @executable_path/Frameworks @loader_path/Frameworks";
				PRODUCT_BUNDLE_IDENTIFIER = "com.TAE.Marvel-UniverseTests";
				PRODUCT_NAME = "$(TARGET_NAME)";
				SWIFT_VERSION = 4.0;
				TARGETED_DEVICE_FAMILY = "1,2";
				TEST_HOST = "$(BUILT_PRODUCTS_DIR)/Marvel Universe.app/Marvel Universe";
			};
			name = Release;
		};
		07637C7320AB442000B9E2AD /* Debug */ = {
			isa = XCBuildConfiguration;
			buildSettings = {
				ALWAYS_EMBED_SWIFT_STANDARD_LIBRARIES = YES;
				CODE_SIGN_STYLE = Automatic;
				INFOPLIST_FILE = "Marvel UniverseUITests/Info.plist";
				LD_RUNPATH_SEARCH_PATHS = "$(inherited) @executable_path/Frameworks @loader_path/Frameworks";
				PRODUCT_BUNDLE_IDENTIFIER = "com.TAE.Marvel-UniverseUITests";
				PRODUCT_NAME = "$(TARGET_NAME)";
				SWIFT_VERSION = 4.0;
				TARGETED_DEVICE_FAMILY = "1,2";
				TEST_TARGET_NAME = "Marvel Universe";
			};
			name = Debug;
		};
		07637C7420AB442000B9E2AD /* Release */ = {
			isa = XCBuildConfiguration;
			buildSettings = {
				ALWAYS_EMBED_SWIFT_STANDARD_LIBRARIES = YES;
				CODE_SIGN_STYLE = Automatic;
				INFOPLIST_FILE = "Marvel UniverseUITests/Info.plist";
				LD_RUNPATH_SEARCH_PATHS = "$(inherited) @executable_path/Frameworks @loader_path/Frameworks";
				PRODUCT_BUNDLE_IDENTIFIER = "com.TAE.Marvel-UniverseUITests";
				PRODUCT_NAME = "$(TARGET_NAME)";
				SWIFT_VERSION = 4.0;
				TARGETED_DEVICE_FAMILY = "1,2";
				TEST_TARGET_NAME = "Marvel Universe";
			};
			name = Release;
		};
/* End XCBuildConfiguration section */

/* Begin XCConfigurationList section */
		07637C3F20AB442000B9E2AD /* Build configuration list for PBXProject "Marvel Universe" */ = {
			isa = XCConfigurationList;
			buildConfigurations = (
				07637C6A20AB442000B9E2AD /* Debug */,
				07637C6B20AB442000B9E2AD /* Release */,
			);
			defaultConfigurationIsVisible = 0;
			defaultConfigurationName = Release;
		};
		07637C6C20AB442000B9E2AD /* Build configuration list for PBXNativeTarget "Marvel Universe" */ = {
			isa = XCConfigurationList;
			buildConfigurations = (
				07637C6D20AB442000B9E2AD /* Debug */,
				07637C6E20AB442000B9E2AD /* Release */,
			);
			defaultConfigurationIsVisible = 0;
			defaultConfigurationName = Release;
		};
		07637C6F20AB442000B9E2AD /* Build configuration list for PBXNativeTarget "Marvel UniverseTests" */ = {
			isa = XCConfigurationList;
			buildConfigurations = (
				07637C7020AB442000B9E2AD /* Debug */,
				07637C7120AB442000B9E2AD /* Release */,
			);
			defaultConfigurationIsVisible = 0;
			defaultConfigurationName = Release;
		};
		07637C7220AB442000B9E2AD /* Build configuration list for PBXNativeTarget "Marvel UniverseUITests" */ = {
			isa = XCConfigurationList;
			buildConfigurations = (
				07637C7320AB442000B9E2AD /* Debug */,
				07637C7420AB442000B9E2AD /* Release */,
			);
			defaultConfigurationIsVisible = 0;
			defaultConfigurationName = Release;
		};
/* End XCConfigurationList section */
	};
	rootObject = 07637C3C20AB442000B9E2AD /* Project object */;
}
